// !$*UTF8*$!
{
	archiveVersion = 1;
	classes = {
	};
	objectVersion = 50;
	objects = {

/* Begin PBXBuildFile section */
		C026773923DEE35500569335 /* AppDelegate.swift in Sources */ = {isa = PBXBuildFile; fileRef = C026773823DEE35500569335 /* AppDelegate.swift */; };
		C026773B23DEE35500569335 /* SceneDelegate.swift in Sources */ = {isa = PBXBuildFile; fileRef = C026773A23DEE35500569335 /* SceneDelegate.swift */; };
		C026773D23DEE35500569335 /* ToDoListViewController.swift in Sources */ = {isa = PBXBuildFile; fileRef = C026773C23DEE35500569335 /* ToDoListViewController.swift */; };
		C026774023DEE35500569335 /* Main.storyboard in Resources */ = {isa = PBXBuildFile; fileRef = C026773E23DEE35500569335 /* Main.storyboard */; };
		C026774223DEE35500569335 /* Assets.xcassets in Resources */ = {isa = PBXBuildFile; fileRef = C026774123DEE35500569335 /* Assets.xcassets */; };
		C026774523DEE35500569335 /* LaunchScreen.storyboard in Resources */ = {isa = PBXBuildFile; fileRef = C026774323DEE35500569335 /* LaunchScreen.storyboard */; };
		C0794E7F23FE498300733339 /* DataModel.xcdatamodeld in Sources */ = {isa = PBXBuildFile; fileRef = C0794E7D23FE498300733339 /* DataModel.xcdatamodeld */; };
/* End PBXBuildFile section */

/* Begin PBXFileReference section */
		C026773523DEE35500569335 /* ToDoLister.app */ = {isa = PBXFileReference; explicitFileType = wrapper.application; includeInIndex = 0; path = ToDoLister.app; sourceTree = BUILT_PRODUCTS_DIR; };
		C026773823DEE35500569335 /* AppDelegate.swift */ = {isa = PBXFileReference; lastKnownFileType = sourcecode.swift; path = AppDelegate.swift; sourceTree = "<group>"; };
		C026773A23DEE35500569335 /* SceneDelegate.swift */ = {isa = PBXFileReference; lastKnownFileType = sourcecode.swift; path = SceneDelegate.swift; sourceTree = "<group>"; };
		C026773C23DEE35500569335 /* ToDoListViewController.swift */ = {isa = PBXFileReference; lastKnownFileType = sourcecode.swift; path = ToDoListViewController.swift; sourceTree = "<group>"; };
		C026773F23DEE35500569335 /* Base */ = {isa = PBXFileReference; lastKnownFileType = file.storyboard; name = Base; path = Base.lproj/Main.storyboard; sourceTree = "<group>"; };
		C026774123DEE35500569335 /* Assets.xcassets */ = {isa = PBXFileReference; lastKnownFileType = folder.assetcatalog; path = Assets.xcassets; sourceTree = "<group>"; };
		C026774423DEE35500569335 /* Base */ = {isa = PBXFileReference; lastKnownFileType = file.storyboard; name = Base; path = Base.lproj/LaunchScreen.storyboard; sourceTree = "<group>"; };
		C026774623DEE35500569335 /* Info.plist */ = {isa = PBXFileReference; lastKnownFileType = text.plist.xml; path = Info.plist; sourceTree = "<group>"; };
		C0794E7E23FE498300733339 /* DataModel.xcdatamodel */ = {isa = PBXFileReference; lastKnownFileType = wrapper.xcdatamodel; path = DataModel.xcdatamodel; sourceTree = "<group>"; };
/* End PBXFileReference section */

/* Begin PBXFrameworksBuildPhase section */
		C026773223DEE35500569335 /* Frameworks */ = {
			isa = PBXFrameworksBuildPhase;
			buildActionMask = 2147483647;
			files = (
			);
			runOnlyForDeploymentPostprocessing = 0;
		};
/* End PBXFrameworksBuildPhase section */

/* Begin PBXGroup section */
		C026772C23DEE35500569335 = {
			isa = PBXGroup;
			children = (
				C026773723DEE35500569335 /* ToDoLister */,
				C026774123DEE35500569335 /* Assets.xcassets */,
				C026774323DEE35500569335 /* LaunchScreen.storyboard */,
				C026773623DEE35500569335 /* Products */,
			);
			sourceTree = "<group>";
		};
		C026773623DEE35500569335 /* Products */ = {
			isa = PBXGroup;
			children = (
				C026773523DEE35500569335 /* ToDoLister.app */,
			);
			name = Products;
			sourceTree = "<group>";
		};
		C026773723DEE35500569335 /* ToDoLister */ = {
			isa = PBXGroup;
			children = (
				C026774623DEE35500569335 /* Info.plist */,
				C026773823DEE35500569335 /* AppDelegate.swift */,
				C026773A23DEE35500569335 /* SceneDelegate.swift */,
				C06564A223FD085A00E0FEF7 /* Controllers */,
				C06564A023FD081A00E0FEF7 /* Data Model */,
				C06564A123FD083F00E0FEF7 /* Views */,
			);
			path = ToDoLister;
			sourceTree = "<group>";
		};
		C06564A023FD081A00E0FEF7 /* Data Model */ = {
			isa = PBXGroup;
			children = (
				C0794E7D23FE498300733339 /* DataModel.xcdatamodeld */,
			);
			path = "Data Model";
			sourceTree = "<group>";
		};
		C06564A123FD083F00E0FEF7 /* Views */ = {
			isa = PBXGroup;
			children = (
				C026773E23DEE35500569335 /* Main.storyboard */,
			);
			path = Views;
			sourceTree = "<group>";
		};
		C06564A223FD085A00E0FEF7 /* Controllers */ = {
			isa = PBXGroup;
			children = (
				C026773C23DEE35500569335 /* ToDoListViewController.swift */,
			);
			path = Controllers;
			sourceTree = "<group>";
		};
/* End PBXGroup section */

/* Begin PBXNativeTarget section */
		C026773423DEE35500569335 /* ToDoLister */ = {
			isa = PBXNativeTarget;
			buildConfigurationList = C026774923DEE35500569335 /* Build configuration list for PBXNativeTarget "ToDoLister" */;
			buildPhases = (
				C026773123DEE35500569335 /* Sources */,
				C026773223DEE35500569335 /* Frameworks */,
				C026773323DEE35500569335 /* Resources */,
			);
			buildRules = (
			);
			dependencies = (
			);
			name = ToDoLister;
			productName = ToDoLister;
			productReference = C026773523DEE35500569335 /* ToDoLister.app */;
			productType = "com.apple.product-type.application";
		};
/* End PBXNativeTarget section */

/* Begin PBXProject section */
		C026772D23DEE35500569335 /* Project object */ = {
			isa = PBXProject;
			attributes = {
				LastSwiftUpdateCheck = 1130;
				LastUpgradeCheck = 1130;
				ORGANIZATIONNAME = "Harbor Ops";
				TargetAttributes = {
					C026773423DEE35500569335 = {
						CreatedOnToolsVersion = 11.3.1;
					};
				};
			};
			buildConfigurationList = C026773023DEE35500569335 /* Build configuration list for PBXProject "ToDoLister" */;
			compatibilityVersion = "Xcode 9.3";
			developmentRegion = en;
			hasScannedForEncodings = 0;
			knownRegions = (
				en,
				Base,
			);
			mainGroup = C026772C23DEE35500569335;
			productRefGroup = C026773623DEE35500569335 /* Products */;
			projectDirPath = "";
			projectRoot = "";
			targets = (
				C026773423DEE35500569335 /* ToDoLister */,
			);
		};
/* End PBXProject section */

/* Begin PBXResourcesBuildPhase section */
		C026773323DEE35500569335 /* Resources */ = {
			isa = PBXResourcesBuildPhase;
			buildActionMask = 2147483647;
			files = (
				C026774523DEE35500569335 /* LaunchScreen.storyboard in Resources */,
				C026774223DEE35500569335 /* Assets.xcassets in Resources */,
				C026774023DEE35500569335 /* Main.storyboard in Resources */,
			);
			runOnlyForDeploymentPostprocessing = 0;
		};
/* End PBXResourcesBuildPhase section */

/* Begin PBXSourcesBuildPhase section */
		C026773123DEE35500569335 /* Sources */ = {
			isa = PBXSourcesBuildPhase;
			buildActionMask = 2147483647;
			files = (
				C0794E7F23FE498300733339 /* DataModel.xcdatamodeld in Sources */,
				C026773D23DEE35500569335 /* ToDoListViewController.swift in Sources */,
				C026773923DEE35500569335 /* AppDelegate.swift in Sources */,
				C026773B23DEE35500569335 /* SceneDelegate.swift in Sources */,
			);
			runOnlyForDeploymentPostprocessing = 0;
		};
/* End PBXSourcesBuildPhase section */

/* Begin PBXVariantGroup section */
		C026773E23DEE35500569335 /* Main.storyboard */ = {
			isa = PBXVariantGroup;
			children = (
				C026773F23DEE35500569335 /* Base */,
			);
			name = Main.storyboard;
			sourceTree = "<group>";
		};
		C026774323DEE35500569335 /* LaunchScreen.storyboard */ = {
			isa = PBXVariantGroup;
			children = (
				C026774423DEE35500569335 /* Base */,
			);
			name = LaunchScreen.storyboard;
			sourceTree = "<group>";
		};
/* End PBXVariantGroup section */

/* Begin XCBuildConfiguration section */
		C026774723DEE35500569335 /* Debug */ = {
			isa = XCBuildConfiguration;
			buildSettings = {
				ALWAYS_SEARCH_USER_PATHS = NO;
				CLANG_ANALYZER_NONNULL = YES;
				CLANG_ANALYZER_NUMBER_OBJECT_CONVERSION = YES_AGGRESSIVE;
				CLANG_CXX_LANGUAGE_STANDARD = "gnu++14";
				CLANG_CXX_LIBRARY = "libc++";
				CLANG_ENABLE_MODULES = YES;
				CLANG_ENABLE_OBJC_ARC = YES;
				CLANG_ENABLE_OBJC_WEAK = YES;
				CLANG_WARN_BLOCK_CAPTURE_AUTORELEASING = YES;
				CLANG_WARN_BOOL_CONVERSION = YES;
				CLANG_WARN_COMMA = YES;
				CLANG_WARN_CONSTANT_CONVERSION = YES;
				CLANG_WARN_DEPRECATED_OBJC_IMPLEMENTATIONS = YES;
				CLANG_WARN_DIRECT_OBJC_ISA_USAGE = YES_ERROR;
				CLANG_WARN_DOCUMENTATION_COMMENTS = YES;
				CLANG_WARN_EMPTY_BODY = YES;
				CLANG_WARN_ENUM_CONVERSION = YES;
				CLANG_WARN_INFINITE_RECURSION = YES;
				CLANG_WARN_INT_CONVERSION = YES;
				CLANG_WARN_NON_LITERAL_NULL_CONVERSION = YES;
				CLANG_WARN_OBJC_IMPLICIT_RETAIN_SELF = YES;
				CLANG_WARN_OBJC_LITERAL_CONVERSION = YES;
				CLANG_WARN_OBJC_ROOT_CLASS = YES_ERROR;
				CLANG_WARN_RANGE_LOOP_ANALYSIS = YES;
				CLANG_WARN_STRICT_PROTOTYPES = YES;
				CLANG_WARN_SUSPICIOUS_MOVE = YES;
				CLANG_WARN_UNGUARDED_AVAILABILITY = YES_AGGRESSIVE;
				CLANG_WARN_UNREACHABLE_CODE = YES;
				CLANG_WARN__DUPLICATE_METHOD_MATCH = YES;
				COPY_PHASE_STRIP = NO;
				DEBUG_INFORMATION_FORMAT = dwarf;
				ENABLE_STRICT_OBJC_MSGSEND = YES;
				ENABLE_TESTABILITY = YES;
				GCC_C_LANGUAGE_STANDARD = gnu11;
				GCC_DYNAMIC_NO_PIC = NO;
				GCC_NO_COMMON_BLOCKS = YES;
				GCC_OPTIMIZATION_LEVEL = 0;
				GCC_PREPROCESSOR_DEFINITIONS = (
					"DEBUG=1",
					"$(inherited)",
				);
				GCC_WARN_64_TO_32_BIT_CONVERSION = YES;
				GCC_WARN_ABOUT_RETURN_TYPE = YES_ERROR;
				GCC_WARN_UNDECLARED_SELECTOR = YES;
				GCC_WARN_UNINITIALIZED_AUTOS = YES_AGGRESSIVE;
				GCC_WARN_UNUSED_FUNCTION = YES;
				GCC_WARN_UNUSED_VARIABLE = YES;
				IPHONEOS_DEPLOYMENT_TARGET = 13.2;
				MTL_ENABLE_DEBUG_INFO = INCLUDE_SOURCE;
				MTL_FAST_MATH = YES;
				ONLY_ACTIVE_ARCH = YES;
				SDKROOT = iphoneos;
				SWIFT_ACTIVE_COMPILATION_CONDITIONS = DEBUG;
				SWIFT_OPTIMIZATION_LEVEL = "-Onone";
			};
			name = Debug;
		};
		C026774823DEE35500569335 /* Release */ = {
			isa = XCBuildConfiguration;
			buildSettings = {
				ALWAYS_SEARCH_USER_PATHS = NO;
				CLANG_ANALYZER_NONNULL = YES;
				CLANG_ANALYZER_NUMBER_OBJECT_CONVERSION = YES_AGGRESSIVE;
				CLANG_CXX_LANGUAGE_STANDARD = "gnu++14";
				CLANG_CXX_LIBRARY = "libc++";
				CLANG_ENABLE_MODULES = YES;
				CLANG_ENABLE_OBJC_ARC = YES;
				CLANG_ENABLE_OBJC_WEAK = YES;
				CLANG_WARN_BLOCK_CAPTURE_AUTORELEASING = YES;
				CLANG_WARN_BOOL_CONVERSION = YES;
				CLANG_WARN_COMMA = YES;
				CLANG_WARN_CONSTANT_CONVERSION = YES;
				CLANG_WARN_DEPRECATED_OBJC_IMPLEMENTATIONS = YES;
				CLANG_WARN_DIRECT_OBJC_ISA_USAGE = YES_ERROR;
				CLANG_WARN_DOCUMENTATION_COMMENTS = YES;
				CLANG_WARN_EMPTY_BODY = YES;
				CLANG_WARN_ENUM_CONVERSION = YES;
				CLANG_WARN_INFINITE_RECURSION = YES;
				CLANG_WARN_INT_CONVERSION = YES;
				CLANG_WARN_NON_LITERAL_NULL_CONVERSION = YES;
				CLANG_WARN_OBJC_IMPLICIT_RETAIN_SELF = YES;
				CLANG_WARN_OBJC_LITERAL_CONVERSION = YES;
				CLANG_WARN_OBJC_ROOT_CLASS = YES_ERROR;
				CLANG_WARN_RANGE_LOOP_ANALYSIS = YES;
				CLANG_WARN_STRICT_PROTOTYPES = YES;
				CLANG_WARN_SUSPICIOUS_MOVE = YES;
				CLANG_WARN_UNGUARDED_AVAILABILITY = YES_AGGRESSIVE;
				CLANG_WARN_UNREACHABLE_CODE = YES;
				CLANG_WARN__DUPLICATE_METHOD_MATCH = YES;
				COPY_PHASE_STRIP = NO;
				DEBUG_INFORMATION_FORMAT = "dwarf-with-dsym";
				ENABLE_NS_ASSERTIONS = NO;
				ENABLE_STRICT_OBJC_MSGSEND = YES;
				GCC_C_LANGUAGE_STANDARD = gnu11;
				GCC_NO_COMMON_BLOCKS = YES;
				GCC_WARN_64_TO_32_BIT_CONVERSION = YES;
				GCC_WARN_ABOUT_RETURN_TYPE = YES_ERROR;
				GCC_WARN_UNDECLARED_SELECTOR = YES;
				GCC_WARN_UNINITIALIZED_AUTOS = YES_AGGRESSIVE;
				GCC_WARN_UNUSED_FUNCTION = YES;
				GCC_WARN_UNUSED_VARIABLE = YES;
				IPHONEOS_DEPLOYMENT_TARGET = 13.2;
				MTL_ENABLE_DEBUG_INFO = NO;
				MTL_FAST_MATH = YES;
				SDKROOT = iphoneos;
				SWIFT_COMPILATION_MODE = wholemodule;
				SWIFT_OPTIMIZATION_LEVEL = "-O";
				VALIDATE_PRODUCT = YES;
			};
			name = Release;
		};
		C026774A23DEE35500569335 /* Debug */ = {
			isa = XCBuildConfiguration;
			buildSettings = {
				ASSETCATALOG_COMPILER_APPICON_NAME = AppIcon;
				CODE_SIGN_STYLE = Automatic;
				INFOPLIST_FILE = ToDoLister/Info.plist;
				LD_RUNPATH_SEARCH_PATHS = (
					"$(inherited)",
					"@executable_path/Frameworks",
				);
				PRODUCT_BUNDLE_IDENTIFIER = com.harborops.ToDoLister;
				PRODUCT_NAME = "$(TARGET_NAME)";
				SWIFT_VERSION = 5.0;
				TARGETED_DEVICE_FAMILY = "1,2";
			};
			name = Debug;
		};
		C026774B23DEE35500569335 /* Release */ = {
			isa = XCBuildConfiguration;
			buildSettings = {
				ASSETCATALOG_COMPILER_APPICON_NAME = AppIcon;
				CODE_SIGN_STYLE = Automatic;
				INFOPLIST_FILE = ToDoLister/Info.plist;
				LD_RUNPATH_SEARCH_PATHS = (
					"$(inherited)",
					"@executable_path/Frameworks",
				);
				PRODUCT_BUNDLE_IDENTIFIER = com.harborops.ToDoLister;
				PRODUCT_NAME = "$(TARGET_NAME)";
				SWIFT_VERSION = 5.0;
				TARGETED_DEVICE_FAMILY = "1,2";
			};
			name = Release;
		};
/* End XCBuildConfiguration section */

/* Begin XCConfigurationList section */
		C026773023DEE35500569335 /* Build configuration list for PBXProject "ToDoLister" */ = {
			isa = XCConfigurationList;
			buildConfigurations = (
				C026774723DEE35500569335 /* Debug */,
				C026774823DEE35500569335 /* Release */,
			);
			defaultConfigurationIsVisible = 0;
			defaultConfigurationName = Release;
		};
		C026774923DEE35500569335 /* Build configuration list for PBXNativeTarget "ToDoLister" */ = {
			isa = XCConfigurationList;
			buildConfigurations = (
				C026774A23DEE35500569335 /* Debug */,
				C026774B23DEE35500569335 /* Release */,
			);
			defaultConfigurationIsVisible = 0;
			defaultConfigurationName = Release;
		};
/* End XCConfigurationList section */

/* Begin XCVersionGroup section */
		C0794E7D23FE498300733339 /* DataModel.xcdatamodeld */ = {
			isa = XCVersionGroup;
			children = (
				C0794E7E23FE498300733339 /* DataModel.xcdatamodel */,
			);
			currentVersion = C0794E7E23FE498300733339 /* DataModel.xcdatamodel */;
			name = DataModel.xcdatamodeld;
			path = ../Views/DataModel.xcdatamodeld;
			sourceTree = "<group>";
			versionGroupType = wrapper.xcdatamodel;
		};
/* End XCVersionGroup section */
	};
	rootObject = C026772D23DEE35500569335 /* Project object */;
}
